
Microsoft Visual Studio Solution File, Format Version 12.00
# Visual Studio 15
VisualStudioVersion = 15.0.27130.2024
MinimumVisualStudioVersion = 10.0.40219.1
Project("{FAE04EC0-301F-11D3-BF4B-00C04F79EFBC}") = "CST 356 Lab 7", "CST Lab 7\CST 356 Lab 7.csproj", "{5A50ED1D-386B-441B-B420-4556BFFAFE6B}"
EndProject
Global
	GlobalSection(SolutionConfigurationPlatforms) = preSolution
		Debug|Any CPU = Debug|Any CPU
		Release|Any CPU = Release|Any CPU
	EndGlobalSection
	GlobalSection(ProjectConfigurationPlatforms) = postSolution
		{5A50ED1D-386B-441B-B420-4556BFFAFE6B}.Debug|Any CPU.ActiveCfg = Debug|Any CPU
		{5A50ED1D-386B-441B-B420-4556BFFAFE6B}.Debug|Any CPU.Build.0 = Debug|Any CPU
		{5A50ED1D-386B-441B-B420-4556BFFAFE6B}.Release|Any CPU.ActiveCfg = Release|Any CPU
		{5A50ED1D-386B-441B-B420-4556BFFAFE6B}.Release|Any CPU.Build.0 = Release|Any CPU
	EndGlobalSection
	GlobalSection(SolutionProperties) = preSolution
		HideSolutionNode = FALSE
	EndGlobalSection
	GlobalSection(ExtensibilityGlobals) = postSolution
		SolutionGuid = {A38C3AA2-8DF4-4C92-AC9F-CDC0A3065FBE}
	EndGlobalSection
EndGlobal
